// !$*UTF8*$!
{
	archiveVersion = 1;
	classes = {
	};
	objectVersion = 56;
	objects = {

/* Begin PBXBuildFile section */
		4602F3B6297EE1E000BF9CD9 /* LifeFormSearchTableViewController.swift in Sources */ = {isa = PBXBuildFile; fileRef = 4602F3B5297EE1E000BF9CD9 /* LifeFormSearchTableViewController.swift */; };
		4602F3B8297EE23F00BF9CD9 /* LifeFormViewController.swift in Sources */ = {isa = PBXBuildFile; fileRef = 4602F3B7297EE23F00BF9CD9 /* LifeFormViewController.swift */; };
		4602F3BA297EE2DF00BF9CD9 /* SearchAPI.swift in Sources */ = {isa = PBXBuildFile; fileRef = 4602F3B9297EE2DF00BF9CD9 /* SearchAPI.swift */; };
		4602F3BE297EE76F00BF9CD9 /* PagesAPI.swift in Sources */ = {isa = PBXBuildFile; fileRef = 4602F3BD297EE76F00BF9CD9 /* PagesAPI.swift */; };
		4602F3C0297EEF2200BF9CD9 /* HierarchyAPI.swift in Sources */ = {isa = PBXBuildFile; fileRef = 4602F3BF297EEF2200BF9CD9 /* HierarchyAPI.swift */; };
		4602F3C2297EF37900BF9CD9 /* InfoController.swift in Sources */ = {isa = PBXBuildFile; fileRef = 4602F3C1297EF37900BF9CD9 /* InfoController.swift */; };
		46A20C0629819AA1007A90E7 /* LifeFormTableViewCell.swift in Sources */ = {isa = PBXBuildFile; fileRef = 46A20C0529819AA1007A90E7 /* LifeFormTableViewCell.swift */; };
		46E85BBD297AFB6D00ABE175 /* AppDelegate.swift in Sources */ = {isa = PBXBuildFile; fileRef = 46E85BBC297AFB6D00ABE175 /* AppDelegate.swift */; };
		46E85BBF297AFB6D00ABE175 /* SceneDelegate.swift in Sources */ = {isa = PBXBuildFile; fileRef = 46E85BBE297AFB6D00ABE175 /* SceneDelegate.swift */; };
		46E85BC4297AFB6D00ABE175 /* Main.storyboard in Resources */ = {isa = PBXBuildFile; fileRef = 46E85BC2297AFB6D00ABE175 /* Main.storyboard */; };
		46E85BC6297AFB6F00ABE175 /* Assets.xcassets in Resources */ = {isa = PBXBuildFile; fileRef = 46E85BC5297AFB6F00ABE175 /* Assets.xcassets */; };
		46E85BC9297AFB6F00ABE175 /* LaunchScreen.storyboard in Resources */ = {isa = PBXBuildFile; fileRef = 46E85BC7297AFB6F00ABE175 /* LaunchScreen.storyboard */; };
/* End PBXBuildFile section */

/* Begin PBXFileReference section */
		4602F3B5297EE1E000BF9CD9 /* LifeFormSearchTableViewController.swift */ = {isa = PBXFileReference; lastKnownFileType = sourcecode.swift; path = LifeFormSearchTableViewController.swift; sourceTree = "<group>"; };
		4602F3B7297EE23F00BF9CD9 /* LifeFormViewController.swift */ = {isa = PBXFileReference; lastKnownFileType = sourcecode.swift; path = LifeFormViewController.swift; sourceTree = "<group>"; };
		4602F3B9297EE2DF00BF9CD9 /* SearchAPI.swift */ = {isa = PBXFileReference; lastKnownFileType = sourcecode.swift; path = SearchAPI.swift; sourceTree = "<group>"; };
		4602F3BD297EE76F00BF9CD9 /* PagesAPI.swift */ = {isa = PBXFileReference; lastKnownFileType = sourcecode.swift; path = PagesAPI.swift; sourceTree = "<group>"; };
		4602F3BF297EEF2200BF9CD9 /* HierarchyAPI.swift */ = {isa = PBXFileReference; lastKnownFileType = sourcecode.swift; path = HierarchyAPI.swift; sourceTree = "<group>"; };
		4602F3C1297EF37900BF9CD9 /* InfoController.swift */ = {isa = PBXFileReference; lastKnownFileType = sourcecode.swift; path = InfoController.swift; sourceTree = "<group>"; };
		46A20C0529819AA1007A90E7 /* LifeFormTableViewCell.swift */ = {isa = PBXFileReference; lastKnownFileType = sourcecode.swift; path = LifeFormTableViewCell.swift; sourceTree = "<group>"; };
		46E85BB9297AFB6D00ABE175 /* Life-FormSearch.app */ = {isa = PBXFileReference; explicitFileType = wrapper.application; includeInIndex = 0; path = "Life-FormSearch.app"; sourceTree = BUILT_PRODUCTS_DIR; };
		46E85BBC297AFB6D00ABE175 /* AppDelegate.swift */ = {isa = PBXFileReference; lastKnownFileType = sourcecode.swift; path = AppDelegate.swift; sourceTree = "<group>"; };
		46E85BBE297AFB6D00ABE175 /* SceneDelegate.swift */ = {isa = PBXFileReference; lastKnownFileType = sourcecode.swift; path = SceneDelegate.swift; sourceTree = "<group>"; };
		46E85BC3297AFB6D00ABE175 /* Base */ = {isa = PBXFileReference; lastKnownFileType = file.storyboard; name = Base; path = Base.lproj/Main.storyboard; sourceTree = "<group>"; };
		46E85BC5297AFB6F00ABE175 /* Assets.xcassets */ = {isa = PBXFileReference; lastKnownFileType = folder.assetcatalog; path = Assets.xcassets; sourceTree = "<group>"; };
		46E85BC8297AFB6F00ABE175 /* Base */ = {isa = PBXFileReference; lastKnownFileType = file.storyboard; name = Base; path = Base.lproj/LaunchScreen.storyboard; sourceTree = "<group>"; };
		46E85BCA297AFB6F00ABE175 /* Info.plist */ = {isa = PBXFileReference; lastKnownFileType = text.plist.xml; path = Info.plist; sourceTree = "<group>"; };
/* End PBXFileReference section */

/* Begin PBXFrameworksBuildPhase section */
		46E85BB6297AFB6D00ABE175 /* Frameworks */ = {
			isa = PBXFrameworksBuildPhase;
			buildActionMask = 2147483647;
			files = (
			);
			runOnlyForDeploymentPostprocessing = 0;
		};
/* End PBXFrameworksBuildPhase section */

/* Begin PBXGroup section */
		46E85BB0297AFB6D00ABE175 = {
			isa = PBXGroup;
			children = (
				46E85BBB297AFB6D00ABE175 /* Life-FormSearch */,
				46E85BBA297AFB6D00ABE175 /* Products */,
			);
			sourceTree = "<group>";
		};
		46E85BBA297AFB6D00ABE175 /* Products */ = {
			isa = PBXGroup;
			children = (
				46E85BB9297AFB6D00ABE175 /* Life-FormSearch.app */,
			);
			name = Products;
			sourceTree = "<group>";
		};
		46E85BBB297AFB6D00ABE175 /* Life-FormSearch */ = {
			isa = PBXGroup;
			children = (
				46E85BBC297AFB6D00ABE175 /* AppDelegate.swift */,
				46E85BBE297AFB6D00ABE175 /* SceneDelegate.swift */,
				4602F3B7297EE23F00BF9CD9 /* LifeFormViewController.swift */,
				4602F3C1297EF37900BF9CD9 /* InfoController.swift */,
				4602F3B5297EE1E000BF9CD9 /* LifeFormSearchTableViewController.swift */,
				46A20C0529819AA1007A90E7 /* LifeFormTableViewCell.swift */,
				4602F3B9297EE2DF00BF9CD9 /* SearchAPI.swift */,
				4602F3BD297EE76F00BF9CD9 /* PagesAPI.swift */,
				4602F3BF297EEF2200BF9CD9 /* HierarchyAPI.swift */,
				46E85BC2297AFB6D00ABE175 /* Main.storyboard */,
				46E85BC5297AFB6F00ABE175 /* Assets.xcassets */,
				46E85BC7297AFB6F00ABE175 /* LaunchScreen.storyboard */,
				46E85BCA297AFB6F00ABE175 /* Info.plist */,
			);
			path = "Life-FormSearch";
			sourceTree = "<group>";
		};
/* End PBXGroup section */

/* Begin PBXNativeTarget section */
		46E85BB8297AFB6D00ABE175 /* Life-FormSearch */ = {
			isa = PBXNativeTarget;
			buildConfigurationList = 46E85BCD297AFB6F00ABE175 /* Build configuration list for PBXNativeTarget "Life-FormSearch" */;
			buildPhases = (
				46E85BB5297AFB6D00ABE175 /* Sources */,
				46E85BB6297AFB6D00ABE175 /* Frameworks */,
				46E85BB7297AFB6D00ABE175 /* Resources */,
			);
			buildRules = (
			);
			dependencies = (
			);
			name = "Life-FormSearch";
			productName = "Life-FormSearch";
			productReference = 46E85BB9297AFB6D00ABE175 /* Life-FormSearch.app */;
			productType = "com.apple.product-type.application";
		};
/* End PBXNativeTarget section */

/* Begin PBXProject section */
		46E85BB1297AFB6D00ABE175 /* Project object */ = {
			isa = PBXProject;
			attributes = {
				BuildIndependentTargetsInParallel = 1;
				LastSwiftUpdateCheck = 1420;
				LastUpgradeCheck = 1420;
				TargetAttributes = {
					46E85BB8297AFB6D00ABE175 = {
						CreatedOnToolsVersion = 14.2;
					};
				};
			};
			buildConfigurationList = 46E85BB4297AFB6D00ABE175 /* Build configuration list for PBXProject "Life-FormSearch" */;
			compatibilityVersion = "Xcode 14.0";
			developmentRegion = en;
			hasScannedForEncodings = 0;
			knownRegions = (
				en,
				Base,
			);
			mainGroup = 46E85BB0297AFB6D00ABE175;
			productRefGroup = 46E85BBA297AFB6D00ABE175 /* Products */;
			projectDirPath = "";
			projectRoot = "";
			targets = (
				46E85BB8297AFB6D00ABE175 /* Life-FormSearch */,
			);
		};
/* End PBXProject section */

/* Begin PBXResourcesBuildPhase section */
		46E85BB7297AFB6D00ABE175 /* Resources */ = {
			isa = PBXResourcesBuildPhase;
			buildActionMask = 2147483647;
			files = (
				46E85BC9297AFB6F00ABE175 /* LaunchScreen.storyboard in Resources */,
				46E85BC6297AFB6F00ABE175 /* Assets.xcassets in Resources */,
				46E85BC4297AFB6D00ABE175 /* Main.storyboard in Resources */,
			);
			runOnlyForDeploymentPostprocessing = 0;
		};
/* End PBXResourcesBuildPhase section */

/* Begin PBXSourcesBuildPhase section */
		46E85BB5297AFB6D00ABE175 /* Sources */ = {
			isa = PBXSourcesBuildPhase;
			buildActionMask = 2147483647;
			files = (
				46A20C0629819AA1007A90E7 /* LifeFormTableViewCell.swift in Sources */,
				46E85BBD297AFB6D00ABE175 /* AppDelegate.swift in Sources */,
				4602F3BE297EE76F00BF9CD9 /* PagesAPI.swift in Sources */,
				4602F3C0297EEF2200BF9CD9 /* HierarchyAPI.swift in Sources */,
				46E85BBF297AFB6D00ABE175 /* SceneDelegate.swift in Sources */,
				4602F3BA297EE2DF00BF9CD9 /* SearchAPI.swift in Sources */,
				4602F3B8297EE23F00BF9CD9 /* LifeFormViewController.swift in Sources */,
				4602F3B6297EE1E000BF9CD9 /* LifeFormSearchTableViewController.swift in Sources */,
				4602F3C2297EF37900BF9CD9 /* InfoController.swift in Sources */,
			);
			runOnlyForDeploymentPostprocessing = 0;
		};
/* End PBXSourcesBuildPhase section */

/* Begin PBXVariantGroup section */
		46E85BC2297AFB6D00ABE175 /* Main.storyboard */ = {
			isa = PBXVariantGroup;
			children = (
				46E85BC3297AFB6D00ABE175 /* Base */,
			);
			name = Main.storyboard;
			sourceTree = "<group>";
		};
		46E85BC7297AFB6F00ABE175 /* LaunchScreen.storyboard */ = {
			isa = PBXVariantGroup;
			children = (
				46E85BC8297AFB6F00ABE175 /* Base */,
			);
			name = LaunchScreen.storyboard;
			sourceTree = "<group>";
		};
/* End PBXVariantGroup section */

/* Begin XCBuildConfiguration section */
		46E85BCB297AFB6F00ABE175 /* Debug */ = {
			isa = XCBuildConfiguration;
			buildSettings = {
				ALWAYS_SEARCH_USER_PATHS = NO;
				CLANG_ANALYZER_NONNULL = YES;
				CLANG_ANALYZER_NUMBER_OBJECT_CONVERSION = YES_AGGRESSIVE;
				CLANG_CXX_LANGUAGE_STANDARD = "gnu++20";
				CLANG_ENABLE_MODULES = YES;
				CLANG_ENABLE_OBJC_ARC = YES;
				CLANG_ENABLE_OBJC_WEAK = YES;
				CLANG_WARN_BLOCK_CAPTURE_AUTORELEASING = YES;
				CLANG_WARN_BOOL_CONVERSION = YES;
				CLANG_WARN_COMMA = YES;
				CLANG_WARN_CONSTANT_CONVERSION = YES;
				CLANG_WARN_DEPRECATED_OBJC_IMPLEMENTATIONS = YES;
				CLANG_WARN_DIRECT_OBJC_ISA_USAGE = YES_ERROR;
				CLANG_WARN_DOCUMENTATION_COMMENTS = YES;
				CLANG_WARN_EMPTY_BODY = YES;
				CLANG_WARN_ENUM_CONVERSION = YES;
				CLANG_WARN_INFINITE_RECURSION = YES;
				CLANG_WARN_INT_CONVERSION = YES;
				CLANG_WARN_NON_LITERAL_NULL_CONVERSION = YES;
				CLANG_WARN_OBJC_IMPLICIT_RETAIN_SELF = YES;
				CLANG_WARN_OBJC_LITERAL_CONVERSION = YES;
				CLANG_WARN_OBJC_ROOT_CLASS = YES_ERROR;
				CLANG_WARN_QUOTED_INCLUDE_IN_FRAMEWORK_HEADER = YES;
				CLANG_WARN_RANGE_LOOP_ANALYSIS = YES;
				CLANG_WARN_STRICT_PROTOTYPES = YES;
				CLANG_WARN_SUSPICIOUS_MOVE = YES;
				CLANG_WARN_UNGUARDED_AVAILABILITY = YES_AGGRESSIVE;
				CLANG_WARN_UNREACHABLE_CODE = YES;
				CLANG_WARN__DUPLICATE_METHOD_MATCH = YES;
				COPY_PHASE_STRIP = NO;
				DEBUG_INFORMATION_FORMAT = dwarf;
				ENABLE_STRICT_OBJC_MSGSEND = YES;
				ENABLE_TESTABILITY = YES;
				GCC_C_LANGUAGE_STANDARD = gnu11;
				GCC_DYNAMIC_NO_PIC = NO;
				GCC_NO_COMMON_BLOCKS = YES;
				GCC_OPTIMIZATION_LEVEL = 0;
				GCC_PREPROCESSOR_DEFINITIONS = (
					"DEBUG=1",
					"$(inherited)",
				);
				GCC_WARN_64_TO_32_BIT_CONVERSION = YES;
				GCC_WARN_ABOUT_RETURN_TYPE = YES_ERROR;
				GCC_WARN_UNDECLARED_SELECTOR = YES;
				GCC_WARN_UNINITIALIZED_AUTOS = YES_AGGRESSIVE;
				GCC_WARN_UNUSED_FUNCTION = YES;
				GCC_WARN_UNUSED_VARIABLE = YES;
				IPHONEOS_DEPLOYMENT_TARGET = 16.2;
				MTL_ENABLE_DEBUG_INFO = INCLUDE_SOURCE;
				MTL_FAST_MATH = YES;
				ONLY_ACTIVE_ARCH = YES;
				SDKROOT = iphoneos;
				SWIFT_ACTIVE_COMPILATION_CONDITIONS = DEBUG;
				SWIFT_OPTIMIZATION_LEVEL = "-Onone";
			};
			name = Debug;
		};
		46E85BCC297AFB6F00ABE175 /* Release */ = {
			isa = XCBuildConfiguration;
			buildSettings = {
				ALWAYS_SEARCH_USER_PATHS = NO;
				CLANG_ANALYZER_NONNULL = YES;
				CLANG_ANALYZER_NUMBER_OBJECT_CONVERSION = YES_AGGRESSIVE;
				CLANG_CXX_LANGUAGE_STANDARD = "gnu++20";
				CLANG_ENABLE_MODULES = YES;
				CLANG_ENABLE_OBJC_ARC = YES;
				CLANG_ENABLE_OBJC_WEAK = YES;
				CLANG_WARN_BLOCK_CAPTURE_AUTORELEASING = YES;
				CLANG_WARN_BOOL_CONVERSION = YES;
				CLANG_WARN_COMMA = YES;
				CLANG_WARN_CONSTANT_CONVERSION = YES;
				CLANG_WARN_DEPRECATED_OBJC_IMPLEMENTATIONS = YES;
				CLANG_WARN_DIRECT_OBJC_ISA_USAGE = YES_ERROR;
				CLANG_WARN_DOCUMENTATION_COMMENTS = YES;
				CLANG_WARN_EMPTY_BODY = YES;
				CLANG_WARN_ENUM_CONVERSION = YES;
				CLANG_WARN_INFINITE_RECURSION = YES;
				CLANG_WARN_INT_CONVERSION = YES;
				CLANG_WARN_NON_LITERAL_NULL_CONVERSION = YES;
				CLANG_WARN_OBJC_IMPLICIT_RETAIN_SELF = YES;
				CLANG_WARN_OBJC_LITERAL_CONVERSION = YES;
				CLANG_WARN_OBJC_ROOT_CLASS = YES_ERROR;
				CLANG_WARN_QUOTED_INCLUDE_IN_FRAMEWORK_HEADER = YES;
				CLANG_WARN_RANGE_LOOP_ANALYSIS = YES;
				CLANG_WARN_STRICT_PROTOTYPES = YES;
				CLANG_WARN_SUSPICIOUS_MOVE = YES;
				CLANG_WARN_UNGUARDED_AVAILABILITY = YES_AGGRESSIVE;
				CLANG_WARN_UNREACHABLE_CODE = YES;
				CLANG_WARN__DUPLICATE_METHOD_MATCH = YES;
				COPY_PHASE_STRIP = NO;
				DEBUG_INFORMATION_FORMAT = "dwarf-with-dsym";
				ENABLE_NS_ASSERTIONS = NO;
				ENABLE_STRICT_OBJC_MSGSEND = YES;
				GCC_C_LANGUAGE_STANDARD = gnu11;
				GCC_NO_COMMON_BLOCKS = YES;
				GCC_WARN_64_TO_32_BIT_CONVERSION = YES;
				GCC_WARN_ABOUT_RETURN_TYPE = YES_ERROR;
				GCC_WARN_UNDECLARED_SELECTOR = YES;
				GCC_WARN_UNINITIALIZED_AUTOS = YES_AGGRESSIVE;
				GCC_WARN_UNUSED_FUNCTION = YES;
				GCC_WARN_UNUSED_VARIABLE = YES;
				IPHONEOS_DEPLOYMENT_TARGET = 16.2;
				MTL_ENABLE_DEBUG_INFO = NO;
				MTL_FAST_MATH = YES;
				SDKROOT = iphoneos;
				SWIFT_COMPILATION_MODE = wholemodule;
				SWIFT_OPTIMIZATION_LEVEL = "-O";
				VALIDATE_PRODUCT = YES;
			};
			name = Release;
		};
		46E85BCE297AFB6F00ABE175 /* Debug */ = {
			isa = XCBuildConfiguration;
			buildSettings = {
				ASSETCATALOG_COMPILER_APPICON_NAME = AppIcon;
				ASSETCATALOG_COMPILER_GLOBAL_ACCENT_COLOR_NAME = AccentColor;
				CODE_SIGN_STYLE = Automatic;
				CURRENT_PROJECT_VERSION = 1;
				DEVELOPMENT_TEAM = 6C37YAT2V8;
				GENERATE_INFOPLIST_FILE = YES;
				INFOPLIST_FILE = "Life-FormSearch/Info.plist";
				INFOPLIST_KEY_UIApplicationSupportsIndirectInputEvents = YES;
				INFOPLIST_KEY_UILaunchStoryboardName = LaunchScreen;
				INFOPLIST_KEY_UIMainStoryboardFile = Main;
				INFOPLIST_KEY_UISupportedInterfaceOrientations_iPad = "UIInterfaceOrientationPortrait UIInterfaceOrientationPortraitUpsideDown UIInterfaceOrientationLandscapeLeft UIInterfaceOrientationLandscapeRight";
				INFOPLIST_KEY_UISupportedInterfaceOrientations_iPhone = "UIInterfaceOrientationPortrait UIInterfaceOrientationLandscapeLeft UIInterfaceOrientationLandscapeRight";
				LD_RUNPATH_SEARCH_PATHS = (
					"$(inherited)",
					"@executable_path/Frameworks",
				);
				MARKETING_VERSION = 1.0;
				PRODUCT_BUNDLE_IDENTIFIER = "avrahami.snir.Life-FormSearch";
				PRODUCT_NAME = "$(TARGET_NAME)";
				SWIFT_EMIT_LOC_STRINGS = YES;
				SWIFT_VERSION = 5.0;
				TARGETED_DEVICE_FAMILY = "1,2";
			};
			name = Debug;
		};
		46E85BCF297AFB6F00ABE175 /* Release */ = {
			isa = XCBuildConfiguration;
			buildSettings = {
				ASSETCATALOG_COMPILER_APPICON_NAME = AppIcon;
				ASSETCATALOG_COMPILER_GLOBAL_ACCENT_COLOR_NAME = AccentColor;
				CODE_SIGN_STYLE = Automatic;
				CURRENT_PROJECT_VERSION = 1;
				DEVELOPMENT_TEAM = 6C37YAT2V8;
				GENERATE_INFOPLIST_FILE = YES;
				INFOPLIST_FILE = "Life-FormSearch/Info.plist";
				INFOPLIST_KEY_UIApplicationSupportsIndirectInputEvents = YES;
				INFOPLIST_KEY_UILaunchStoryboardName = LaunchScreen;
				INFOPLIST_KEY_UIMainStoryboardFile = Main;
				INFOPLIST_KEY_UISupportedInterfaceOrientations_iPad = "UIInterfaceOrientationPortrait UIInterfaceOrientationPortraitUpsideDown UIInterfaceOrientationLandscapeLeft UIInterfaceOrientationLandscapeRight";
				INFOPLIST_KEY_UISupportedInterfaceOrientations_iPhone = "UIInterfaceOrientationPortrait UIInterfaceOrientationLandscapeLeft UIInterfaceOrientationLandscapeRight";
				LD_RUNPATH_SEARCH_PATHS = (
					"$(inherited)",
					"@executable_path/Frameworks",
				);
				MARKETING_VERSION = 1.0;
				PRODUCT_BUNDLE_IDENTIFIER = "avrahami.snir.Life-FormSearch";
				PRODUCT_NAME = "$(TARGET_NAME)";
				SWIFT_EMIT_LOC_STRINGS = YES;
				SWIFT_VERSION = 5.0;
				TARGETED_DEVICE_FAMILY = "1,2";
			};
			name = Release;
		};
/* End XCBuildConfiguration section */

/* Begin XCConfigurationList section */
		46E85BB4297AFB6D00ABE175 /* Build configuration list for PBXProject "Life-FormSearch" */ = {
			isa = XCConfigurationList;
			buildConfigurations = (
				46E85BCB297AFB6F00ABE175 /* Debug */,
				46E85BCC297AFB6F00ABE175 /* Release */,
			);
			defaultConfigurationIsVisible = 0;
			defaultConfigurationName = Release;
		};
		46E85BCD297AFB6F00ABE175 /* Build configuration list for PBXNativeTarget "Life-FormSearch" */ = {
			isa = XCConfigurationList;
			buildConfigurations = (
				46E85BCE297AFB6F00ABE175 /* Debug */,
				46E85BCF297AFB6F00ABE175 /* Release */,
			);
			defaultConfigurationIsVisible = 0;
			defaultConfigurationName = Release;
		};
/* End XCConfigurationList section */
	};
	rootObject = 46E85BB1297AFB6D00ABE175 /* Project object */;
}
