// !$*UTF8*$!
{
	archiveVersion = 1;
	classes = {
	};
	objectVersion = 56;
	objects = {

/* Begin PBXBuildFile section */
		460B6F0929A9185D009A521F /* AppDelegate.swift in Sources */ = {isa = PBXBuildFile; fileRef = 460B6F0829A9185D009A521F /* AppDelegate.swift */; };
		460B6F0B29A9185D009A521F /* SceneDelegate.swift in Sources */ = {isa = PBXBuildFile; fileRef = 460B6F0A29A9185D009A521F /* SceneDelegate.swift */; };
		460B6F1029A9185D009A521F /* Main.storyboard in Resources */ = {isa = PBXBuildFile; fileRef = 460B6F0E29A9185D009A521F /* Main.storyboard */; };
		460B6F1229A9185F009A521F /* Assets.xcassets in Resources */ = {isa = PBXBuildFile; fileRef = 460B6F1129A9185F009A521F /* Assets.xcassets */; };
		460B6F1529A9185F009A521F /* LaunchScreen.storyboard in Resources */ = {isa = PBXBuildFile; fileRef = 460B6F1329A9185F009A521F /* LaunchScreen.storyboard */; };
		460B6F1D29AB0FF2009A521F /* AddUserTableViewController.swift in Sources */ = {isa = PBXBuildFile; fileRef = 460B6F1C29AB0FF2009A521F /* AddUserTableViewController.swift */; };
		460B6F2129AB11CC009A521F /* User.swift in Sources */ = {isa = PBXBuildFile; fileRef = 460B6F2029AB11CC009A521F /* User.swift */; };
		460B6F2329AB15BB009A521F /* UsersViewController.swift in Sources */ = {isa = PBXBuildFile; fileRef = 460B6F2229AB15BB009A521F /* UsersViewController.swift */; };
		460B6F2529AC77B2009A521F /* ResultsTableViewController.swift in Sources */ = {isa = PBXBuildFile; fileRef = 460B6F2429AC77B2009A521F /* ResultsTableViewController.swift */; };
/* End PBXBuildFile section */

/* Begin PBXFileReference section */
		460B6F0529A9185D009A521F /* Interview Prep Code Challenge 1.app */ = {isa = PBXFileReference; explicitFileType = wrapper.application; includeInIndex = 0; path = "Interview Prep Code Challenge 1.app"; sourceTree = BUILT_PRODUCTS_DIR; };
		460B6F0829A9185D009A521F /* AppDelegate.swift */ = {isa = PBXFileReference; lastKnownFileType = sourcecode.swift; path = AppDelegate.swift; sourceTree = "<group>"; };
		460B6F0A29A9185D009A521F /* SceneDelegate.swift */ = {isa = PBXFileReference; lastKnownFileType = sourcecode.swift; path = SceneDelegate.swift; sourceTree = "<group>"; };
		460B6F0F29A9185D009A521F /* Base */ = {isa = PBXFileReference; lastKnownFileType = file.storyboard; name = Base; path = Base.lproj/Main.storyboard; sourceTree = "<group>"; };
		460B6F1129A9185F009A521F /* Assets.xcassets */ = {isa = PBXFileReference; lastKnownFileType = folder.assetcatalog; path = Assets.xcassets; sourceTree = "<group>"; };
		460B6F1429A9185F009A521F /* Base */ = {isa = PBXFileReference; lastKnownFileType = file.storyboard; name = Base; path = Base.lproj/LaunchScreen.storyboard; sourceTree = "<group>"; };
		460B6F1629A9185F009A521F /* Info.plist */ = {isa = PBXFileReference; lastKnownFileType = text.plist.xml; path = Info.plist; sourceTree = "<group>"; };
		460B6F1C29AB0FF2009A521F /* AddUserTableViewController.swift */ = {isa = PBXFileReference; lastKnownFileType = sourcecode.swift; path = AddUserTableViewController.swift; sourceTree = "<group>"; };
		460B6F2029AB11CC009A521F /* User.swift */ = {isa = PBXFileReference; lastKnownFileType = sourcecode.swift; path = User.swift; sourceTree = "<group>"; };
		460B6F2229AB15BB009A521F /* UsersViewController.swift */ = {isa = PBXFileReference; lastKnownFileType = sourcecode.swift; path = UsersViewController.swift; sourceTree = "<group>"; };
		460B6F2429AC77B2009A521F /* ResultsTableViewController.swift */ = {isa = PBXFileReference; lastKnownFileType = sourcecode.swift; path = ResultsTableViewController.swift; sourceTree = "<group>"; };
/* End PBXFileReference section */

/* Begin PBXFrameworksBuildPhase section */
		460B6F0229A9185D009A521F /* Frameworks */ = {
			isa = PBXFrameworksBuildPhase;
			buildActionMask = 2147483647;
			files = (
			);
			runOnlyForDeploymentPostprocessing = 0;
		};
/* End PBXFrameworksBuildPhase section */

/* Begin PBXGroup section */
		460B6EFC29A9185D009A521F = {
			isa = PBXGroup;
			children = (
				460B6F0729A9185D009A521F /* Interview Prep Code Challenge 1 */,
				460B6F0629A9185D009A521F /* Products */,
			);
			sourceTree = "<group>";
		};
		460B6F0629A9185D009A521F /* Products */ = {
			isa = PBXGroup;
			children = (
				460B6F0529A9185D009A521F /* Interview Prep Code Challenge 1.app */,
			);
			name = Products;
			sourceTree = "<group>";
		};
		460B6F0729A9185D009A521F /* Interview Prep Code Challenge 1 */ = {
			isa = PBXGroup;
			children = (
				460B6F0829A9185D009A521F /* AppDelegate.swift */,
				460B6F0A29A9185D009A521F /* SceneDelegate.swift */,
				460B6F2229AB15BB009A521F /* UsersViewController.swift */,
				460B6F2429AC77B2009A521F /* ResultsTableViewController.swift */,
				460B6F2029AB11CC009A521F /* User.swift */,
				460B6F1C29AB0FF2009A521F /* AddUserTableViewController.swift */,
				460B6F0E29A9185D009A521F /* Main.storyboard */,
				460B6F1129A9185F009A521F /* Assets.xcassets */,
				460B6F1329A9185F009A521F /* LaunchScreen.storyboard */,
				460B6F1629A9185F009A521F /* Info.plist */,
			);
			path = "Interview Prep Code Challenge 1";
			sourceTree = "<group>";
		};
/* End PBXGroup section */

/* Begin PBXNativeTarget section */
		460B6F0429A9185D009A521F /* Interview Prep Code Challenge 1 */ = {
			isa = PBXNativeTarget;
			buildConfigurationList = 460B6F1929A9185F009A521F /* Build configuration list for PBXNativeTarget "Interview Prep Code Challenge 1" */;
			buildPhases = (
				460B6F0129A9185D009A521F /* Sources */,
				460B6F0229A9185D009A521F /* Frameworks */,
				460B6F0329A9185D009A521F /* Resources */,
			);
			buildRules = (
			);
			dependencies = (
			);
			name = "Interview Prep Code Challenge 1";
			productName = "Interview Prep Code Challenge 1";
			productReference = 460B6F0529A9185D009A521F /* Interview Prep Code Challenge 1.app */;
			productType = "com.apple.product-type.application";
		};
/* End PBXNativeTarget section */

/* Begin PBXProject section */
		460B6EFD29A9185D009A521F /* Project object */ = {
			isa = PBXProject;
			attributes = {
				BuildIndependentTargetsInParallel = 1;
				LastSwiftUpdateCheck = 1420;
				LastUpgradeCheck = 1420;
				TargetAttributes = {
					460B6F0429A9185D009A521F = {
						CreatedOnToolsVersion = 14.2;
					};
				};
			};
			buildConfigurationList = 460B6F0029A9185D009A521F /* Build configuration list for PBXProject "Interview Prep Code Challenge 1" */;
			compatibilityVersion = "Xcode 14.0";
			developmentRegion = en;
			hasScannedForEncodings = 0;
			knownRegions = (
				en,
				Base,
			);
			mainGroup = 460B6EFC29A9185D009A521F;
			productRefGroup = 460B6F0629A9185D009A521F /* Products */;
			projectDirPath = "";
			projectRoot = "";
			targets = (
				460B6F0429A9185D009A521F /* Interview Prep Code Challenge 1 */,
			);
		};
/* End PBXProject section */

/* Begin PBXResourcesBuildPhase section */
		460B6F0329A9185D009A521F /* Resources */ = {
			isa = PBXResourcesBuildPhase;
			buildActionMask = 2147483647;
			files = (
				460B6F1529A9185F009A521F /* LaunchScreen.storyboard in Resources */,
				460B6F1229A9185F009A521F /* Assets.xcassets in Resources */,
				460B6F1029A9185D009A521F /* Main.storyboard in Resources */,
			);
			runOnlyForDeploymentPostprocessing = 0;
		};
/* End PBXResourcesBuildPhase section */

/* Begin PBXSourcesBuildPhase section */
		460B6F0129A9185D009A521F /* Sources */ = {
			isa = PBXSourcesBuildPhase;
			buildActionMask = 2147483647;
			files = (
				460B6F2529AC77B2009A521F /* ResultsTableViewController.swift in Sources */,
				460B6F1D29AB0FF2009A521F /* AddUserTableViewController.swift in Sources */,
				460B6F2129AB11CC009A521F /* User.swift in Sources */,
				460B6F2329AB15BB009A521F /* UsersViewController.swift in Sources */,
				460B6F0929A9185D009A521F /* AppDelegate.swift in Sources */,
				460B6F0B29A9185D009A521F /* SceneDelegate.swift in Sources */,
			);
			runOnlyForDeploymentPostprocessing = 0;
		};
/* End PBXSourcesBuildPhase section */

/* Begin PBXVariantGroup section */
		460B6F0E29A9185D009A521F /* Main.storyboard */ = {
			isa = PBXVariantGroup;
			children = (
				460B6F0F29A9185D009A521F /* Base */,
			);
			name = Main.storyboard;
			sourceTree = "<group>";
		};
		460B6F1329A9185F009A521F /* LaunchScreen.storyboard */ = {
			isa = PBXVariantGroup;
			children = (
				460B6F1429A9185F009A521F /* Base */,
			);
			name = LaunchScreen.storyboard;
			sourceTree = "<group>";
		};
/* End PBXVariantGroup section */

/* Begin XCBuildConfiguration section */
		460B6F1729A9185F009A521F /* Debug */ = {
			isa = XCBuildConfiguration;
			buildSettings = {
				ALWAYS_SEARCH_USER_PATHS = NO;
				CLANG_ANALYZER_NONNULL = YES;
				CLANG_ANALYZER_NUMBER_OBJECT_CONVERSION = YES_AGGRESSIVE;
				CLANG_CXX_LANGUAGE_STANDARD = "gnu++20";
				CLANG_ENABLE_MODULES = YES;
				CLANG_ENABLE_OBJC_ARC = YES;
				CLANG_ENABLE_OBJC_WEAK = YES;
				CLANG_WARN_BLOCK_CAPTURE_AUTORELEASING = YES;
				CLANG_WARN_BOOL_CONVERSION = YES;
				CLANG_WARN_COMMA = YES;
				CLANG_WARN_CONSTANT_CONVERSION = YES;
				CLANG_WARN_DEPRECATED_OBJC_IMPLEMENTATIONS = YES;
				CLANG_WARN_DIRECT_OBJC_ISA_USAGE = YES_ERROR;
				CLANG_WARN_DOCUMENTATION_COMMENTS = YES;
				CLANG_WARN_EMPTY_BODY = YES;
				CLANG_WARN_ENUM_CONVERSION = YES;
				CLANG_WARN_INFINITE_RECURSION = YES;
				CLANG_WARN_INT_CONVERSION = YES;
				CLANG_WARN_NON_LITERAL_NULL_CONVERSION = YES;
				CLANG_WARN_OBJC_IMPLICIT_RETAIN_SELF = YES;
				CLANG_WARN_OBJC_LITERAL_CONVERSION = YES;
				CLANG_WARN_OBJC_ROOT_CLASS = YES_ERROR;
				CLANG_WARN_QUOTED_INCLUDE_IN_FRAMEWORK_HEADER = YES;
				CLANG_WARN_RANGE_LOOP_ANALYSIS = YES;
				CLANG_WARN_STRICT_PROTOTYPES = YES;
				CLANG_WARN_SUSPICIOUS_MOVE = YES;
				CLANG_WARN_UNGUARDED_AVAILABILITY = YES_AGGRESSIVE;
				CLANG_WARN_UNREACHABLE_CODE = YES;
				CLANG_WARN__DUPLICATE_METHOD_MATCH = YES;
				COPY_PHASE_STRIP = NO;
				DEBUG_INFORMATION_FORMAT = dwarf;
				ENABLE_STRICT_OBJC_MSGSEND = YES;
				ENABLE_TESTABILITY = YES;
				GCC_C_LANGUAGE_STANDARD = gnu11;
				GCC_DYNAMIC_NO_PIC = NO;
				GCC_NO_COMMON_BLOCKS = YES;
				GCC_OPTIMIZATION_LEVEL = 0;
				GCC_PREPROCESSOR_DEFINITIONS = (
					"DEBUG=1",
					"$(inherited)",
				);
				GCC_WARN_64_TO_32_BIT_CONVERSION = YES;
				GCC_WARN_ABOUT_RETURN_TYPE = YES_ERROR;
				GCC_WARN_UNDECLARED_SELECTOR = YES;
				GCC_WARN_UNINITIALIZED_AUTOS = YES_AGGRESSIVE;
				GCC_WARN_UNUSED_FUNCTION = YES;
				GCC_WARN_UNUSED_VARIABLE = YES;
				IPHONEOS_DEPLOYMENT_TARGET = 16.2;
				MTL_ENABLE_DEBUG_INFO = INCLUDE_SOURCE;
				MTL_FAST_MATH = YES;
				ONLY_ACTIVE_ARCH = YES;
				SDKROOT = iphoneos;
				SWIFT_ACTIVE_COMPILATION_CONDITIONS = DEBUG;
				SWIFT_OPTIMIZATION_LEVEL = "-Onone";
			};
			name = Debug;
		};
		460B6F1829A9185F009A521F /* Release */ = {
			isa = XCBuildConfiguration;
			buildSettings = {
				ALWAYS_SEARCH_USER_PATHS = NO;
				CLANG_ANALYZER_NONNULL = YES;
				CLANG_ANALYZER_NUMBER_OBJECT_CONVERSION = YES_AGGRESSIVE;
				CLANG_CXX_LANGUAGE_STANDARD = "gnu++20";
				CLANG_ENABLE_MODULES = YES;
				CLANG_ENABLE_OBJC_ARC = YES;
				CLANG_ENABLE_OBJC_WEAK = YES;
				CLANG_WARN_BLOCK_CAPTURE_AUTORELEASING = YES;
				CLANG_WARN_BOOL_CONVERSION = YES;
				CLANG_WARN_COMMA = YES;
				CLANG_WARN_CONSTANT_CONVERSION = YES;
				CLANG_WARN_DEPRECATED_OBJC_IMPLEMENTATIONS = YES;
				CLANG_WARN_DIRECT_OBJC_ISA_USAGE = YES_ERROR;
				CLANG_WARN_DOCUMENTATION_COMMENTS = YES;
				CLANG_WARN_EMPTY_BODY = YES;
				CLANG_WARN_ENUM_CONVERSION = YES;
				CLANG_WARN_INFINITE_RECURSION = YES;
				CLANG_WARN_INT_CONVERSION = YES;
				CLANG_WARN_NON_LITERAL_NULL_CONVERSION = YES;
				CLANG_WARN_OBJC_IMPLICIT_RETAIN_SELF = YES;
				CLANG_WARN_OBJC_LITERAL_CONVERSION = YES;
				CLANG_WARN_OBJC_ROOT_CLASS = YES_ERROR;
				CLANG_WARN_QUOTED_INCLUDE_IN_FRAMEWORK_HEADER = YES;
				CLANG_WARN_RANGE_LOOP_ANALYSIS = YES;
				CLANG_WARN_STRICT_PROTOTYPES = YES;
				CLANG_WARN_SUSPICIOUS_MOVE = YES;
				CLANG_WARN_UNGUARDED_AVAILABILITY = YES_AGGRESSIVE;
				CLANG_WARN_UNREACHABLE_CODE = YES;
				CLANG_WARN__DUPLICATE_METHOD_MATCH = YES;
				COPY_PHASE_STRIP = NO;
				DEBUG_INFORMATION_FORMAT = "dwarf-with-dsym";
				ENABLE_NS_ASSERTIONS = NO;
				ENABLE_STRICT_OBJC_MSGSEND = YES;
				GCC_C_LANGUAGE_STANDARD = gnu11;
				GCC_NO_COMMON_BLOCKS = YES;
				GCC_WARN_64_TO_32_BIT_CONVERSION = YES;
				GCC_WARN_ABOUT_RETURN_TYPE = YES_ERROR;
				GCC_WARN_UNDECLARED_SELECTOR = YES;
				GCC_WARN_UNINITIALIZED_AUTOS = YES_AGGRESSIVE;
				GCC_WARN_UNUSED_FUNCTION = YES;
				GCC_WARN_UNUSED_VARIABLE = YES;
				IPHONEOS_DEPLOYMENT_TARGET = 16.2;
				MTL_ENABLE_DEBUG_INFO = NO;
				MTL_FAST_MATH = YES;
				SDKROOT = iphoneos;
				SWIFT_COMPILATION_MODE = wholemodule;
				SWIFT_OPTIMIZATION_LEVEL = "-O";
				VALIDATE_PRODUCT = YES;
			};
			name = Release;
		};
		460B6F1A29A9185F009A521F /* Debug */ = {
			isa = XCBuildConfiguration;
			buildSettings = {
				ASSETCATALOG_COMPILER_APPICON_NAME = AppIcon;
				ASSETCATALOG_COMPILER_GLOBAL_ACCENT_COLOR_NAME = AccentColor;
				CODE_SIGN_STYLE = Automatic;
				CURRENT_PROJECT_VERSION = 1;
				DEVELOPMENT_TEAM = 6C37YAT2V8;
				GENERATE_INFOPLIST_FILE = YES;
				INFOPLIST_FILE = "Interview Prep Code Challenge 1/Info.plist";
				INFOPLIST_KEY_UIApplicationSupportsIndirectInputEvents = YES;
				INFOPLIST_KEY_UILaunchStoryboardName = LaunchScreen;
				INFOPLIST_KEY_UIMainStoryboardFile = Main;
				INFOPLIST_KEY_UISupportedInterfaceOrientations_iPad = "UIInterfaceOrientationPortrait UIInterfaceOrientationPortraitUpsideDown UIInterfaceOrientationLandscapeLeft UIInterfaceOrientationLandscapeRight";
				INFOPLIST_KEY_UISupportedInterfaceOrientations_iPhone = "UIInterfaceOrientationPortrait UIInterfaceOrientationLandscapeLeft UIInterfaceOrientationLandscapeRight";
				LD_RUNPATH_SEARCH_PATHS = (
					"$(inherited)",
					"@executable_path/Frameworks",
				);
				MARKETING_VERSION = 1.0;
				PRODUCT_BUNDLE_IDENTIFIER = "avrahami.snir.Interview-Prep-Code-Challenge-1";
				PRODUCT_NAME = "$(TARGET_NAME)";
				SWIFT_EMIT_LOC_STRINGS = YES;
				SWIFT_VERSION = 5.0;
				TARGETED_DEVICE_FAMILY = "1,2";
			};
			name = Debug;
		};
		460B6F1B29A9185F009A521F /* Release */ = {
			isa = XCBuildConfiguration;
			buildSettings = {
				ASSETCATALOG_COMPILER_APPICON_NAME = AppIcon;
				ASSETCATALOG_COMPILER_GLOBAL_ACCENT_COLOR_NAME = AccentColor;
				CODE_SIGN_STYLE = Automatic;
				CURRENT_PROJECT_VERSION = 1;
				DEVELOPMENT_TEAM = 6C37YAT2V8;
				GENERATE_INFOPLIST_FILE = YES;
				INFOPLIST_FILE = "Interview Prep Code Challenge 1/Info.plist";
				INFOPLIST_KEY_UIApplicationSupportsIndirectInputEvents = YES;
				INFOPLIST_KEY_UILaunchStoryboardName = LaunchScreen;
				INFOPLIST_KEY_UIMainStoryboardFile = Main;
				INFOPLIST_KEY_UISupportedInterfaceOrientations_iPad = "UIInterfaceOrientationPortrait UIInterfaceOrientationPortraitUpsideDown UIInterfaceOrientationLandscapeLeft UIInterfaceOrientationLandscapeRight";
				INFOPLIST_KEY_UISupportedInterfaceOrientations_iPhone = "UIInterfaceOrientationPortrait UIInterfaceOrientationLandscapeLeft UIInterfaceOrientationLandscapeRight";
				LD_RUNPATH_SEARCH_PATHS = (
					"$(inherited)",
					"@executable_path/Frameworks",
				);
				MARKETING_VERSION = 1.0;
				PRODUCT_BUNDLE_IDENTIFIER = "avrahami.snir.Interview-Prep-Code-Challenge-1";
				PRODUCT_NAME = "$(TARGET_NAME)";
				SWIFT_EMIT_LOC_STRINGS = YES;
				SWIFT_VERSION = 5.0;
				TARGETED_DEVICE_FAMILY = "1,2";
			};
			name = Release;
		};
/* End XCBuildConfiguration section */

/* Begin XCConfigurationList section */
		460B6F0029A9185D009A521F /* Build configuration list for PBXProject "Interview Prep Code Challenge 1" */ = {
			isa = XCConfigurationList;
			buildConfigurations = (
				460B6F1729A9185F009A521F /* Debug */,
				460B6F1829A9185F009A521F /* Release */,
			);
			defaultConfigurationIsVisible = 0;
			defaultConfigurationName = Release;
		};
		460B6F1929A9185F009A521F /* Build configuration list for PBXNativeTarget "Interview Prep Code Challenge 1" */ = {
			isa = XCConfigurationList;
			buildConfigurations = (
				460B6F1A29A9185F009A521F /* Debug */,
				460B6F1B29A9185F009A521F /* Release */,
			);
			defaultConfigurationIsVisible = 0;
			defaultConfigurationName = Release;
		};
/* End XCConfigurationList section */
	};
	rootObject = 460B6EFD29A9185D009A521F /* Project object */;
}
