// !$*UTF8*$!
{
	archiveVersion = 1;
	classes = {
	};
	objectVersion = 56;
	objects = {

/* Begin PBXBuildFile section */
		4634CB92291960C600BF7841 /* AppDelegate.swift in Sources */ = {isa = PBXBuildFile; fileRef = 4634CB91291960C600BF7841 /* AppDelegate.swift */; };
		4634CB94291960C600BF7841 /* SceneDelegate.swift in Sources */ = {isa = PBXBuildFile; fileRef = 4634CB93291960C600BF7841 /* SceneDelegate.swift */; };
		4634CB96291960C600BF7841 /* ViewController.swift in Sources */ = {isa = PBXBuildFile; fileRef = 4634CB95291960C600BF7841 /* ViewController.swift */; };
		4634CB99291960C600BF7841 /* Main.storyboard in Resources */ = {isa = PBXBuildFile; fileRef = 4634CB97291960C600BF7841 /* Main.storyboard */; };
		4634CB9B291960C700BF7841 /* Assets.xcassets in Resources */ = {isa = PBXBuildFile; fileRef = 4634CB9A291960C700BF7841 /* Assets.xcassets */; };
		4634CB9E291960C700BF7841 /* LaunchScreen.storyboard in Resources */ = {isa = PBXBuildFile; fileRef = 4634CB9C291960C700BF7841 /* LaunchScreen.storyboard */; };
		4634CBA62919781400BF7841 /* TableViewController.swift in Sources */ = {isa = PBXBuildFile; fileRef = 4634CBA52919781400BF7841 /* TableViewController.swift */; };
		4634CBA82919784000BF7841 /* AddPlayerViewController.swift in Sources */ = {isa = PBXBuildFile; fileRef = 4634CBA72919784000BF7841 /* AddPlayerViewController.swift */; };
		4634CBAA2919785F00BF7841 /* PlayerTableViewCell.swift in Sources */ = {isa = PBXBuildFile; fileRef = 4634CBA92919785F00BF7841 /* PlayerTableViewCell.swift */; };
		4634CBAC291A01E900BF7841 /* Player.swift in Sources */ = {isa = PBXBuildFile; fileRef = 4634CBAB291A01E900BF7841 /* Player.swift */; };
/* End PBXBuildFile section */

/* Begin PBXFileReference section */
		4634CB8E291960C600BF7841 /* Score Keeper App.app */ = {isa = PBXFileReference; explicitFileType = wrapper.application; includeInIndex = 0; path = "Score Keeper App.app"; sourceTree = BUILT_PRODUCTS_DIR; };
		4634CB91291960C600BF7841 /* AppDelegate.swift */ = {isa = PBXFileReference; lastKnownFileType = sourcecode.swift; path = AppDelegate.swift; sourceTree = "<group>"; };
		4634CB93291960C600BF7841 /* SceneDelegate.swift */ = {isa = PBXFileReference; lastKnownFileType = sourcecode.swift; path = SceneDelegate.swift; sourceTree = "<group>"; };
		4634CB95291960C600BF7841 /* ViewController.swift */ = {isa = PBXFileReference; lastKnownFileType = sourcecode.swift; path = ViewController.swift; sourceTree = "<group>"; };
		4634CB98291960C600BF7841 /* Base */ = {isa = PBXFileReference; lastKnownFileType = file.storyboard; name = Base; path = Base.lproj/Main.storyboard; sourceTree = "<group>"; };
		4634CB9A291960C700BF7841 /* Assets.xcassets */ = {isa = PBXFileReference; lastKnownFileType = folder.assetcatalog; path = Assets.xcassets; sourceTree = "<group>"; };
		4634CB9D291960C700BF7841 /* Base */ = {isa = PBXFileReference; lastKnownFileType = file.storyboard; name = Base; path = Base.lproj/LaunchScreen.storyboard; sourceTree = "<group>"; };
		4634CB9F291960C700BF7841 /* Info.plist */ = {isa = PBXFileReference; lastKnownFileType = text.plist.xml; path = Info.plist; sourceTree = "<group>"; };
		4634CBA52919781400BF7841 /* TableViewController.swift */ = {isa = PBXFileReference; lastKnownFileType = sourcecode.swift; path = TableViewController.swift; sourceTree = "<group>"; };
		4634CBA72919784000BF7841 /* AddPlayerViewController.swift */ = {isa = PBXFileReference; lastKnownFileType = sourcecode.swift; path = AddPlayerViewController.swift; sourceTree = "<group>"; };
		4634CBA92919785F00BF7841 /* PlayerTableViewCell.swift */ = {isa = PBXFileReference; lastKnownFileType = sourcecode.swift; path = PlayerTableViewCell.swift; sourceTree = "<group>"; };
		4634CBAB291A01E900BF7841 /* Player.swift */ = {isa = PBXFileReference; lastKnownFileType = sourcecode.swift; path = Player.swift; sourceTree = "<group>"; };
/* End PBXFileReference section */

/* Begin PBXFrameworksBuildPhase section */
		4634CB8B291960C600BF7841 /* Frameworks */ = {
			isa = PBXFrameworksBuildPhase;
			buildActionMask = 2147483647;
			files = (
			);
			runOnlyForDeploymentPostprocessing = 0;
		};
/* End PBXFrameworksBuildPhase section */

/* Begin PBXGroup section */
		4634CB85291960C600BF7841 = {
			isa = PBXGroup;
			children = (
				4634CB90291960C600BF7841 /* Score Keeper App */,
				4634CB8F291960C600BF7841 /* Products */,
			);
			sourceTree = "<group>";
		};
		4634CB8F291960C600BF7841 /* Products */ = {
			isa = PBXGroup;
			children = (
				4634CB8E291960C600BF7841 /* Score Keeper App.app */,
			);
			name = Products;
			sourceTree = "<group>";
		};
		4634CB90291960C600BF7841 /* Score Keeper App */ = {
			isa = PBXGroup;
			children = (
				4634CB91291960C600BF7841 /* AppDelegate.swift */,
				4634CB93291960C600BF7841 /* SceneDelegate.swift */,
				4634CB95291960C600BF7841 /* ViewController.swift */,
				4634CBAB291A01E900BF7841 /* Player.swift */,
				4634CBA52919781400BF7841 /* TableViewController.swift */,
				4634CBA72919784000BF7841 /* AddPlayerViewController.swift */,
				4634CBA92919785F00BF7841 /* PlayerTableViewCell.swift */,
				4634CB97291960C600BF7841 /* Main.storyboard */,
				4634CB9A291960C700BF7841 /* Assets.xcassets */,
				4634CB9C291960C700BF7841 /* LaunchScreen.storyboard */,
				4634CB9F291960C700BF7841 /* Info.plist */,
			);
			path = "Score Keeper App";
			sourceTree = "<group>";
		};
/* End PBXGroup section */

/* Begin PBXNativeTarget section */
		4634CB8D291960C600BF7841 /* Score Keeper App */ = {
			isa = PBXNativeTarget;
			buildConfigurationList = 4634CBA2291960C700BF7841 /* Build configuration list for PBXNativeTarget "Score Keeper App" */;
			buildPhases = (
				4634CB8A291960C600BF7841 /* Sources */,
				4634CB8B291960C600BF7841 /* Frameworks */,
				4634CB8C291960C600BF7841 /* Resources */,
			);
			buildRules = (
			);
			dependencies = (
			);
			name = "Score Keeper App";
			productName = "Score Keeper App";
			productReference = 4634CB8E291960C600BF7841 /* Score Keeper App.app */;
			productType = "com.apple.product-type.application";
		};
/* End PBXNativeTarget section */

/* Begin PBXProject section */
		4634CB86291960C600BF7841 /* Project object */ = {
			isa = PBXProject;
			attributes = {
				BuildIndependentTargetsInParallel = 1;
				LastSwiftUpdateCheck = 1400;
				LastUpgradeCheck = 1400;
				TargetAttributes = {
					4634CB8D291960C600BF7841 = {
						CreatedOnToolsVersion = 14.0;
					};
				};
			};
			buildConfigurationList = 4634CB89291960C600BF7841 /* Build configuration list for PBXProject "Score Keeper App" */;
			compatibilityVersion = "Xcode 14.0";
			developmentRegion = en;
			hasScannedForEncodings = 0;
			knownRegions = (
				en,
				Base,
			);
			mainGroup = 4634CB85291960C600BF7841;
			productRefGroup = 4634CB8F291960C600BF7841 /* Products */;
			projectDirPath = "";
			projectRoot = "";
			targets = (
				4634CB8D291960C600BF7841 /* Score Keeper App */,
			);
		};
/* End PBXProject section */

/* Begin PBXResourcesBuildPhase section */
		4634CB8C291960C600BF7841 /* Resources */ = {
			isa = PBXResourcesBuildPhase;
			buildActionMask = 2147483647;
			files = (
				4634CB9E291960C700BF7841 /* LaunchScreen.storyboard in Resources */,
				4634CB9B291960C700BF7841 /* Assets.xcassets in Resources */,
				4634CB99291960C600BF7841 /* Main.storyboard in Resources */,
			);
			runOnlyForDeploymentPostprocessing = 0;
		};
/* End PBXResourcesBuildPhase section */

/* Begin PBXSourcesBuildPhase section */
		4634CB8A291960C600BF7841 /* Sources */ = {
			isa = PBXSourcesBuildPhase;
			buildActionMask = 2147483647;
			files = (
				4634CBAA2919785F00BF7841 /* PlayerTableViewCell.swift in Sources */,
				4634CB96291960C600BF7841 /* ViewController.swift in Sources */,
				4634CBA82919784000BF7841 /* AddPlayerViewController.swift in Sources */,
				4634CB92291960C600BF7841 /* AppDelegate.swift in Sources */,
				4634CBAC291A01E900BF7841 /* Player.swift in Sources */,
				4634CB94291960C600BF7841 /* SceneDelegate.swift in Sources */,
				4634CBA62919781400BF7841 /* TableViewController.swift in Sources */,
			);
			runOnlyForDeploymentPostprocessing = 0;
		};
/* End PBXSourcesBuildPhase section */

/* Begin PBXVariantGroup section */
		4634CB97291960C600BF7841 /* Main.storyboard */ = {
			isa = PBXVariantGroup;
			children = (
				4634CB98291960C600BF7841 /* Base */,
			);
			name = Main.storyboard;
			sourceTree = "<group>";
		};
		4634CB9C291960C700BF7841 /* LaunchScreen.storyboard */ = {
			isa = PBXVariantGroup;
			children = (
				4634CB9D291960C700BF7841 /* Base */,
			);
			name = LaunchScreen.storyboard;
			sourceTree = "<group>";
		};
/* End PBXVariantGroup section */

/* Begin XCBuildConfiguration section */
		4634CBA0291960C700BF7841 /* Debug */ = {
			isa = XCBuildConfiguration;
			buildSettings = {
				ALWAYS_SEARCH_USER_PATHS = NO;
				CLANG_ANALYZER_NONNULL = YES;
				CLANG_ANALYZER_NUMBER_OBJECT_CONVERSION = YES_AGGRESSIVE;
				CLANG_CXX_LANGUAGE_STANDARD = "gnu++20";
				CLANG_ENABLE_MODULES = YES;
				CLANG_ENABLE_OBJC_ARC = YES;
				CLANG_ENABLE_OBJC_WEAK = YES;
				CLANG_WARN_BLOCK_CAPTURE_AUTORELEASING = YES;
				CLANG_WARN_BOOL_CONVERSION = YES;
				CLANG_WARN_COMMA = YES;
				CLANG_WARN_CONSTANT_CONVERSION = YES;
				CLANG_WARN_DEPRECATED_OBJC_IMPLEMENTATIONS = YES;
				CLANG_WARN_DIRECT_OBJC_ISA_USAGE = YES_ERROR;
				CLANG_WARN_DOCUMENTATION_COMMENTS = YES;
				CLANG_WARN_EMPTY_BODY = YES;
				CLANG_WARN_ENUM_CONVERSION = YES;
				CLANG_WARN_INFINITE_RECURSION = YES;
				CLANG_WARN_INT_CONVERSION = YES;
				CLANG_WARN_NON_LITERAL_NULL_CONVERSION = YES;
				CLANG_WARN_OBJC_IMPLICIT_RETAIN_SELF = YES;
				CLANG_WARN_OBJC_LITERAL_CONVERSION = YES;
				CLANG_WARN_OBJC_ROOT_CLASS = YES_ERROR;
				CLANG_WARN_QUOTED_INCLUDE_IN_FRAMEWORK_HEADER = YES;
				CLANG_WARN_RANGE_LOOP_ANALYSIS = YES;
				CLANG_WARN_STRICT_PROTOTYPES = YES;
				CLANG_WARN_SUSPICIOUS_MOVE = YES;
				CLANG_WARN_UNGUARDED_AVAILABILITY = YES_AGGRESSIVE;
				CLANG_WARN_UNREACHABLE_CODE = YES;
				CLANG_WARN__DUPLICATE_METHOD_MATCH = YES;
				COPY_PHASE_STRIP = NO;
				DEBUG_INFORMATION_FORMAT = dwarf;
				ENABLE_STRICT_OBJC_MSGSEND = YES;
				ENABLE_TESTABILITY = YES;
				GCC_C_LANGUAGE_STANDARD = gnu11;
				GCC_DYNAMIC_NO_PIC = NO;
				GCC_NO_COMMON_BLOCKS = YES;
				GCC_OPTIMIZATION_LEVEL = 0;
				GCC_PREPROCESSOR_DEFINITIONS = (
					"DEBUG=1",
					"$(inherited)",
				);
				GCC_WARN_64_TO_32_BIT_CONVERSION = YES;
				GCC_WARN_ABOUT_RETURN_TYPE = YES_ERROR;
				GCC_WARN_UNDECLARED_SELECTOR = YES;
				GCC_WARN_UNINITIALIZED_AUTOS = YES_AGGRESSIVE;
				GCC_WARN_UNUSED_FUNCTION = YES;
				GCC_WARN_UNUSED_VARIABLE = YES;
				IPHONEOS_DEPLOYMENT_TARGET = 16.0;
				MTL_ENABLE_DEBUG_INFO = INCLUDE_SOURCE;
				MTL_FAST_MATH = YES;
				ONLY_ACTIVE_ARCH = YES;
				SDKROOT = iphoneos;
				SWIFT_ACTIVE_COMPILATION_CONDITIONS = DEBUG;
				SWIFT_OPTIMIZATION_LEVEL = "-Onone";
			};
			name = Debug;
		};
		4634CBA1291960C700BF7841 /* Release */ = {
			isa = XCBuildConfiguration;
			buildSettings = {
				ALWAYS_SEARCH_USER_PATHS = NO;
				CLANG_ANALYZER_NONNULL = YES;
				CLANG_ANALYZER_NUMBER_OBJECT_CONVERSION = YES_AGGRESSIVE;
				CLANG_CXX_LANGUAGE_STANDARD = "gnu++20";
				CLANG_ENABLE_MODULES = YES;
				CLANG_ENABLE_OBJC_ARC = YES;
				CLANG_ENABLE_OBJC_WEAK = YES;
				CLANG_WARN_BLOCK_CAPTURE_AUTORELEASING = YES;
				CLANG_WARN_BOOL_CONVERSION = YES;
				CLANG_WARN_COMMA = YES;
				CLANG_WARN_CONSTANT_CONVERSION = YES;
				CLANG_WARN_DEPRECATED_OBJC_IMPLEMENTATIONS = YES;
				CLANG_WARN_DIRECT_OBJC_ISA_USAGE = YES_ERROR;
				CLANG_WARN_DOCUMENTATION_COMMENTS = YES;
				CLANG_WARN_EMPTY_BODY = YES;
				CLANG_WARN_ENUM_CONVERSION = YES;
				CLANG_WARN_INFINITE_RECURSION = YES;
				CLANG_WARN_INT_CONVERSION = YES;
				CLANG_WARN_NON_LITERAL_NULL_CONVERSION = YES;
				CLANG_WARN_OBJC_IMPLICIT_RETAIN_SELF = YES;
				CLANG_WARN_OBJC_LITERAL_CONVERSION = YES;
				CLANG_WARN_OBJC_ROOT_CLASS = YES_ERROR;
				CLANG_WARN_QUOTED_INCLUDE_IN_FRAMEWORK_HEADER = YES;
				CLANG_WARN_RANGE_LOOP_ANALYSIS = YES;
				CLANG_WARN_STRICT_PROTOTYPES = YES;
				CLANG_WARN_SUSPICIOUS_MOVE = YES;
				CLANG_WARN_UNGUARDED_AVAILABILITY = YES_AGGRESSIVE;
				CLANG_WARN_UNREACHABLE_CODE = YES;
				CLANG_WARN__DUPLICATE_METHOD_MATCH = YES;
				COPY_PHASE_STRIP = NO;
				DEBUG_INFORMATION_FORMAT = "dwarf-with-dsym";
				ENABLE_NS_ASSERTIONS = NO;
				ENABLE_STRICT_OBJC_MSGSEND = YES;
				GCC_C_LANGUAGE_STANDARD = gnu11;
				GCC_NO_COMMON_BLOCKS = YES;
				GCC_WARN_64_TO_32_BIT_CONVERSION = YES;
				GCC_WARN_ABOUT_RETURN_TYPE = YES_ERROR;
				GCC_WARN_UNDECLARED_SELECTOR = YES;
				GCC_WARN_UNINITIALIZED_AUTOS = YES_AGGRESSIVE;
				GCC_WARN_UNUSED_FUNCTION = YES;
				GCC_WARN_UNUSED_VARIABLE = YES;
				IPHONEOS_DEPLOYMENT_TARGET = 16.0;
				MTL_ENABLE_DEBUG_INFO = NO;
				MTL_FAST_MATH = YES;
				SDKROOT = iphoneos;
				SWIFT_COMPILATION_MODE = wholemodule;
				SWIFT_OPTIMIZATION_LEVEL = "-O";
				VALIDATE_PRODUCT = YES;
			};
			name = Release;
		};
		4634CBA3291960C700BF7841 /* Debug */ = {
			isa = XCBuildConfiguration;
			buildSettings = {
				ASSETCATALOG_COMPILER_APPICON_NAME = AppIcon;
				ASSETCATALOG_COMPILER_GLOBAL_ACCENT_COLOR_NAME = AccentColor;
				CODE_SIGN_STYLE = Automatic;
				CURRENT_PROJECT_VERSION = 1;
				DEVELOPMENT_TEAM = 6C37YAT2V8;
				GENERATE_INFOPLIST_FILE = YES;
				INFOPLIST_FILE = "Score Keeper App/Info.plist";
				INFOPLIST_KEY_UIApplicationSupportsIndirectInputEvents = YES;
				INFOPLIST_KEY_UILaunchStoryboardName = LaunchScreen;
				INFOPLIST_KEY_UIMainStoryboardFile = Main;
				INFOPLIST_KEY_UISupportedInterfaceOrientations_iPad = "UIInterfaceOrientationPortrait UIInterfaceOrientationPortraitUpsideDown UIInterfaceOrientationLandscapeLeft UIInterfaceOrientationLandscapeRight";
				INFOPLIST_KEY_UISupportedInterfaceOrientations_iPhone = "UIInterfaceOrientationPortrait UIInterfaceOrientationLandscapeLeft UIInterfaceOrientationLandscapeRight";
				LD_RUNPATH_SEARCH_PATHS = (
					"$(inherited)",
					"@executable_path/Frameworks",
				);
				MARKETING_VERSION = 1.0;
				PRODUCT_BUNDLE_IDENTIFIER = "Snir.Score-Keeper-App";
				PRODUCT_NAME = "$(TARGET_NAME)";
				SWIFT_EMIT_LOC_STRINGS = YES;
				SWIFT_VERSION = 5.0;
				TARGETED_DEVICE_FAMILY = "1,2";
			};
			name = Debug;
		};
		4634CBA4291960C700BF7841 /* Release */ = {
			isa = XCBuildConfiguration;
			buildSettings = {
				ASSETCATALOG_COMPILER_APPICON_NAME = AppIcon;
				ASSETCATALOG_COMPILER_GLOBAL_ACCENT_COLOR_NAME = AccentColor;
				CODE_SIGN_STYLE = Automatic;
				CURRENT_PROJECT_VERSION = 1;
				DEVELOPMENT_TEAM = 6C37YAT2V8;
				GENERATE_INFOPLIST_FILE = YES;
				INFOPLIST_FILE = "Score Keeper App/Info.plist";
				INFOPLIST_KEY_UIApplicationSupportsIndirectInputEvents = YES;
				INFOPLIST_KEY_UILaunchStoryboardName = LaunchScreen;
				INFOPLIST_KEY_UIMainStoryboardFile = Main;
				INFOPLIST_KEY_UISupportedInterfaceOrientations_iPad = "UIInterfaceOrientationPortrait UIInterfaceOrientationPortraitUpsideDown UIInterfaceOrientationLandscapeLeft UIInterfaceOrientationLandscapeRight";
				INFOPLIST_KEY_UISupportedInterfaceOrientations_iPhone = "UIInterfaceOrientationPortrait UIInterfaceOrientationLandscapeLeft UIInterfaceOrientationLandscapeRight";
				LD_RUNPATH_SEARCH_PATHS = (
					"$(inherited)",
					"@executable_path/Frameworks",
				);
				MARKETING_VERSION = 1.0;
				PRODUCT_BUNDLE_IDENTIFIER = "Snir.Score-Keeper-App";
				PRODUCT_NAME = "$(TARGET_NAME)";
				SWIFT_EMIT_LOC_STRINGS = YES;
				SWIFT_VERSION = 5.0;
				TARGETED_DEVICE_FAMILY = "1,2";
			};
			name = Release;
		};
/* End XCBuildConfiguration section */

/* Begin XCConfigurationList section */
		4634CB89291960C600BF7841 /* Build configuration list for PBXProject "Score Keeper App" */ = {
			isa = XCConfigurationList;
			buildConfigurations = (
				4634CBA0291960C700BF7841 /* Debug */,
				4634CBA1291960C700BF7841 /* Release */,
			);
			defaultConfigurationIsVisible = 0;
			defaultConfigurationName = Release;
		};
		4634CBA2291960C700BF7841 /* Build configuration list for PBXNativeTarget "Score Keeper App" */ = {
			isa = XCConfigurationList;
			buildConfigurations = (
				4634CBA3291960C700BF7841 /* Debug */,
				4634CBA4291960C700BF7841 /* Release */,
			);
			defaultConfigurationIsVisible = 0;
			defaultConfigurationName = Release;
		};
/* End XCConfigurationList section */
	};
	rootObject = 4634CB86291960C600BF7841 /* Project object */;
}
